{
  "name": "ccge",
  "version": "1.0.0",
  "lockfileVersion": 1,
  "requires": true,
  "dependencies": {
    "@vant/weapp": {
      "version": "1.10.9",
      "resolved": "https://registry.npmjs.org/@vant/weapp/-/weapp-1.10.9.tgz",
      "integrity": "sha512-hFJ48SCSvRgcwT/9TcxwNnNnWSpy2BpaBfwQwVdU6uwgFH+2OqGL435VQN7EDpIMH8YjHbiM84hueTyxAzIPqQ=="
    },
    "jsbn": {
      "version": "1.1.0",
      "resolved": "https://registry.npmjs.org/jsbn/-/jsbn-1.1.0.tgz",
      "integrity": "sha512-4bYVV3aAMtDTTu4+xsDYa6sy9GyJ69/amsu9sYF2zqjiEoZA5xJi3BrfX3uY+/IekIu7MwdObdbDWpoZdBv3/A=="
    },
    "miniprogram-sm-crypto": {
      "version": "0.3.11",
      "resolved": "https://registry.npmjs.org/miniprogram-sm-crypto/-/miniprogram-sm-crypto-0.3.11.tgz",
      "integrity": "sha512-PSOFkTfW4VYFUNGv9yFbkpnOezIRugAnaGgSiNhifvXqx1L3YorHRIgSQpkbyYjlMpnMLpFsP/8Dnmt6/DDJYA==",
      "requires": {
        "jsbn": "^1.1.0"
      }
    }
  }
}
